
Microsoft Visual Studio Solution File, Format Version 12.00
# Visual Studio Version 16
VisualStudioVersion = 16.0.30309.148
MinimumVisualStudioVersion = 10.0.40219.1
Project("{FAE04EC0-301F-11D3-BF4B-00C04F79EFBC}") = "View", "View\View.csproj", "{7517A21C-F867-402D-8EED-AEB276AD9460}"
EndProject
Project("{FAE04EC0-301F-11D3-BF4B-00C04F79EFBC}") = "Common", "Common\Common.csproj", "{F13BD10C-302F-4701-AEDB-11667B8500B0}"
EndProject
Project("{FAE04EC0-301F-11D3-BF4B-00C04F79EFBC}") = "Controller", "Controller\Controller.csproj", "{9F30BCE5-2A60-4927-A576-8C023CCE504D}"
EndProject
Project("{FAE04EC0-301F-11D3-BF4B-00C04F79EFBC}") = "Service.DataBase", "Service.DataBase\Service.DataBase.csproj", "{20746F03-1D79-4018-9AE2-13E5C53EC657}"
EndProject
Project("{FAE04EC0-301F-11D3-BF4B-00C04F79EFBC}") = "Service.MES", "Service.MES\Service.MES.csproj", "{BFBC6D6B-B2F2-459A-80BE-6198A0F754BB}"
EndProject
Project("{FAE04EC0-301F-11D3-BF4B-00C04F79EFBC}") = "Service.Device", "Service.Device\Service.Device.csproj", "{8441E86B-978C-473A-921F-6915E2F40898}"
EndProject
Project("{FAE04EC0-301F-11D3-BF4B-00C04F79EFBC}") = "Repository", "Repository\Repository.csproj", "{3FA1906E-7C75-47C3-A5B5-7BF0CBCDCF42}"
EndProject
Project("{FAE04EC0-301F-11D3-BF4B-00C04F79EFBC}") = "Service.CSV", "Service.CSV\Service.CSV.csproj", "{67675404-59D1-40A0-BD68-24B69D7C2FE5}"
	ProjectSection(ProjectDependencies) = postProject
		{F13BD10C-302F-4701-AEDB-11667B8500B0} = {F13BD10C-302F-4701-AEDB-11667B8500B0}
	EndProjectSection
EndProject
Project("{FAE04EC0-301F-11D3-BF4B-00C04F79EFBC}") = "TestConsoleApp", "TestConsoleApp\TestConsoleApp.csproj", "{5DA42765-CEDD-49EC-9E89-A55170798DB2}"
EndProject
Global
	GlobalSection(SolutionConfigurationPlatforms) = preSolution
		Debug|Any CPU = Debug|Any CPU
		Debug|x64 = Debug|x64
		Debug|x86 = Debug|x86
		Release|Any CPU = Release|Any CPU
		Release|x64 = Release|x64
		Release|x86 = Release|x86
	EndGlobalSection
	GlobalSection(ProjectConfigurationPlatforms) = postSolution
		{7517A21C-F867-402D-8EED-AEB276AD9460}.Debug|Any CPU.ActiveCfg = Debug|x86
		{7517A21C-F867-402D-8EED-AEB276AD9460}.Debug|Any CPU.Build.0 = Debug|x86
		{7517A21C-F867-402D-8EED-AEB276AD9460}.Debug|x64.ActiveCfg = Debug|x64
		{7517A21C-F867-402D-8EED-AEB276AD9460}.Debug|x64.Build.0 = Debug|x64
		{7517A21C-F867-402D-8EED-AEB276AD9460}.Debug|x86.ActiveCfg = Debug|x86
		{7517A21C-F867-402D-8EED-AEB276AD9460}.Debug|x86.Build.0 = Debug|x86
		{7517A21C-F867-402D-8EED-AEB276AD9460}.Release|Any CPU.ActiveCfg = Release|Any CPU
		{7517A21C-F867-402D-8EED-AEB276AD9460}.Release|Any CPU.Build.0 = Release|Any CPU
		{7517A21C-F867-402D-8EED-AEB276AD9460}.Release|x64.ActiveCfg = Release|Any CPU
		{7517A21C-F867-402D-8EED-AEB276AD9460}.Release|x64.Build.0 = Release|Any CPU
		{7517A21C-F867-402D-8EED-AEB276AD9460}.Release|x86.ActiveCfg = Release|Any CPU
		{7517A21C-F867-402D-8EED-AEB276AD9460}.Release|x86.Build.0 = Release|Any CPU
		{F13BD10C-302F-4701-AEDB-11667B8500B0}.Debug|Any CPU.ActiveCfg = Debug|x86
		{F13BD10C-302F-4701-AEDB-11667B8500B0}.Debug|Any CPU.Build.0 = Debug|x86
		{F13BD10C-302F-4701-AEDB-11667B8500B0}.Debug|x64.ActiveCfg = Debug|x64
		{F13BD10C-302F-4701-AEDB-11667B8500B0}.Debug|x64.Build.0 = Debug|x64
		{F13BD10C-302F-4701-AEDB-11667B8500B0}.Debug|x86.ActiveCfg = Debug|x86
		{F13BD10C-302F-4701-AEDB-11667B8500B0}.Debug|x86.Build.0 = Debug|x86
		{F13BD10C-302F-4701-AEDB-11667B8500B0}.Release|Any CPU.ActiveCfg = Release|Any CPU
		{F13BD10C-302F-4701-AEDB-11667B8500B0}.Release|Any CPU.Build.0 = Release|Any CPU
		{F13BD10C-302F-4701-AEDB-11667B8500B0}.Release|x64.ActiveCfg = Release|x64
		{F13BD10C-302F-4701-AEDB-11667B8500B0}.Release|x64.Build.0 = Release|x64
		{F13BD10C-302F-4701-AEDB-11667B8500B0}.Release|x86.ActiveCfg = Release|x64
		{F13BD10C-302F-4701-AEDB-11667B8500B0}.Release|x86.Build.0 = Release|x64
		{9F30BCE5-2A60-4927-A576-8C023CCE504D}.Debug|Any CPU.ActiveCfg = Debug|x86
		{9F30BCE5-2A60-4927-A576-8C023CCE504D}.Debug|Any CPU.Build.0 = Debug|x86
		{9F30BCE5-2A60-4927-A576-8C023CCE504D}.Debug|x64.ActiveCfg = Debug|Any CPU
		{9F30BCE5-2A60-4927-A576-8C023CCE504D}.Debug|x64.Build.0 = Debug|Any CPU
		{9F30BCE5-2A60-4927-A576-8C023CCE504D}.Debug|x86.ActiveCfg = Debug|x86
		{9F30BCE5-2A60-4927-A576-8C023CCE504D}.Debug|x86.Build.0 = Debug|x86
		{9F30BCE5-2A60-4927-A576-8C023CCE504D}.Release|Any CPU.ActiveCfg = Release|Any CPU
		{9F30BCE5-2A60-4927-A576-8C023CCE504D}.Release|Any CPU.Build.0 = Release|Any CPU
		{9F30BCE5-2A60-4927-A576-8C023CCE504D}.Release|x64.ActiveCfg = Release|Any CPU
		{9F30BCE5-2A60-4927-A576-8C023CCE504D}.Release|x64.Build.0 = Release|Any CPU
		{9F30BCE5-2A60-4927-A576-8C023CCE504D}.Release|x86.ActiveCfg = Release|Any CPU
		{9F30BCE5-2A60-4927-A576-8C023CCE504D}.Release|x86.Build.0 = Release|Any CPU
		{20746F03-1D79-4018-9AE2-13E5C53EC657}.Debug|Any CPU.ActiveCfg = Debug|x86
		{20746F03-1D79-4018-9AE2-13E5C53EC657}.Debug|Any CPU.Build.0 = Debug|x86
		{20746F03-1D79-4018-9AE2-13E5C53EC657}.Debug|x64.ActiveCfg = Debug|Any CPU
		{20746F03-1D79-4018-9AE2-13E5C53EC657}.Debug|x64.Build.0 = Debug|Any CPU
		{20746F03-1D79-4018-9AE2-13E5C53EC657}.Debug|x86.ActiveCfg = Debug|x86
		{20746F03-1D79-4018-9AE2-13E5C53EC657}.Debug|x86.Build.0 = Debug|x86
		{20746F03-1D79-4018-9AE2-13E5C53EC657}.Release|Any CPU.ActiveCfg = Release|Any CPU
		{20746F03-1D79-4018-9AE2-13E5C53EC657}.Release|Any CPU.Build.0 = Release|Any CPU
		{20746F03-1D79-4018-9AE2-13E5C53EC657}.Release|x64.ActiveCfg = Release|Any CPU
		{20746F03-1D79-4018-9AE2-13E5C53EC657}.Release|x64.Build.0 = Release|Any CPU
		{20746F03-1D79-4018-9AE2-13E5C53EC657}.Release|x86.ActiveCfg = Release|Any CPU
		{20746F03-1D79-4018-9AE2-13E5C53EC657}.Release|x86.Build.0 = Release|Any CPU
		{BFBC6D6B-B2F2-459A-80BE-6198A0F754BB}.Debug|Any CPU.ActiveCfg = Debug|x86
		{BFBC6D6B-B2F2-459A-80BE-6198A0F754BB}.Debug|Any CPU.Build.0 = Debug|x86
		{BFBC6D6B-B2F2-459A-80BE-6198A0F754BB}.Debug|x64.ActiveCfg = Debug|Any CPU
		{BFBC6D6B-B2F2-459A-80BE-6198A0F754BB}.Debug|x64.Build.0 = Debug|Any CPU
		{BFBC6D6B-B2F2-459A-80BE-6198A0F754BB}.Debug|x86.ActiveCfg = Debug|x86
		{BFBC6D6B-B2F2-459A-80BE-6198A0F754BB}.Debug|x86.Build.0 = Debug|x86
		{BFBC6D6B-B2F2-459A-80BE-6198A0F754BB}.Release|Any CPU.ActiveCfg = Release|Any CPU
		{BFBC6D6B-B2F2-459A-80BE-6198A0F754BB}.Release|Any CPU.Build.0 = Release|Any CPU
		{BFBC6D6B-B2F2-459A-80BE-6198A0F754BB}.Release|x64.ActiveCfg = Release|Any CPU
		{BFBC6D6B-B2F2-459A-80BE-6198A0F754BB}.Release|x64.Build.0 = Release|Any CPU
		{BFBC6D6B-B2F2-459A-80BE-6198A0F754BB}.Release|x86.ActiveCfg = Release|Any CPU
		{BFBC6D6B-B2F2-459A-80BE-6198A0F754BB}.Release|x86.Build.0 = Release|Any CPU
		{8441E86B-978C-473A-921F-6915E2F40898}.Debug|Any CPU.ActiveCfg = Debug|x86
		{8441E86B-978C-473A-921F-6915E2F40898}.Debug|Any CPU.Build.0 = Debug|x86
		{8441E86B-978C-473A-921F-6915E2F40898}.Debug|x64.ActiveCfg = Debug|Any CPU
		{8441E86B-978C-473A-921F-6915E2F40898}.Debug|x64.Build.0 = Debug|Any CPU
		{8441E86B-978C-473A-921F-6915E2F40898}.Debug|x86.ActiveCfg = Debug|x86
		{8441E86B-978C-473A-921F-6915E2F40898}.Debug|x86.Build.0 = Debug|x86
		{8441E86B-978C-473A-921F-6915E2F40898}.Release|Any CPU.ActiveCfg = Release|Any CPU
		{8441E86B-978C-473A-921F-6915E2F40898}.Release|Any CPU.Build.0 = Release|Any CPU
		{8441E86B-978C-473A-921F-6915E2F40898}.Release|x64.ActiveCfg = Release|Any CPU
		{8441E86B-978C-473A-921F-6915E2F40898}.Release|x64.Build.0 = Release|Any CPU
		{8441E86B-978C-473A-921F-6915E2F40898}.Release|x86.ActiveCfg = Release|Any CPU
		{8441E86B-978C-473A-921F-6915E2F40898}.Release|x86.Build.0 = Release|Any CPU
		{3FA1906E-7C75-47C3-A5B5-7BF0CBCDCF42}.Debug|Any CPU.ActiveCfg = Debug|x86
		{3FA1906E-7C75-47C3-A5B5-7BF0CBCDCF42}.Debug|Any CPU.Build.0 = Debug|x86
		{3FA1906E-7C75-47C3-A5B5-7BF0CBCDCF42}.Debug|x64.ActiveCfg = Debug|x64
		{3FA1906E-7C75-47C3-A5B5-7BF0CBCDCF42}.Debug|x64.Build.0 = Debug|x64
		{3FA1906E-7C75-47C3-A5B5-7BF0CBCDCF42}.Debug|x86.ActiveCfg = Debug|x86
		{3FA1906E-7C75-47C3-A5B5-7BF0CBCDCF42}.Debug|x86.Build.0 = Debug|x86
		{3FA1906E-7C75-47C3-A5B5-7BF0CBCDCF42}.Release|Any CPU.ActiveCfg = Release|Any CPU
		{3FA1906E-7C75-47C3-A5B5-7BF0CBCDCF42}.Release|Any CPU.Build.0 = Release|Any CPU
		{3FA1906E-7C75-47C3-A5B5-7BF0CBCDCF42}.Release|x64.ActiveCfg = Release|x64
		{3FA1906E-7C75-47C3-A5B5-7BF0CBCDCF42}.Release|x64.Build.0 = Release|x64
		{3FA1906E-7C75-47C3-A5B5-7BF0CBCDCF42}.Release|x86.ActiveCfg = Release|x86
		{3FA1906E-7C75-47C3-A5B5-7BF0CBCDCF42}.Release|x86.Build.0 = Release|x86
		{67675404-59D1-40A0-BD68-24B69D7C2FE5}.Debug|Any CPU.ActiveCfg = Debug|x86
		{67675404-59D1-40A0-BD68-24B69D7C2FE5}.Debug|Any CPU.Build.0 = Debug|x86
		{67675404-59D1-40A0-BD68-24B69D7C2FE5}.Debug|x64.ActiveCfg = Debug|Any CPU
		{67675404-59D1-40A0-BD68-24B69D7C2FE5}.Debug|x64.Build.0 = Debug|Any CPU
		{67675404-59D1-40A0-BD68-24B69D7C2FE5}.Debug|x86.ActiveCfg = Debug|x86
		{67675404-59D1-40A0-BD68-24B69D7C2FE5}.Debug|x86.Build.0 = Debug|x86
		{67675404-59D1-40A0-BD68-24B69D7C2FE5}.Release|Any CPU.ActiveCfg = Release|Any CPU
		{67675404-59D1-40A0-BD68-24B69D7C2FE5}.Release|Any CPU.Build.0 = Release|Any CPU
		{67675404-59D1-40A0-BD68-24B69D7C2FE5}.Release|x64.ActiveCfg = Release|Any CPU
		{67675404-59D1-40A0-BD68-24B69D7C2FE5}.Release|x64.Build.0 = Release|Any CPU
		{67675404-59D1-40A0-BD68-24B69D7C2FE5}.Release|x86.ActiveCfg = Release|Any CPU
		{67675404-59D1-40A0-BD68-24B69D7C2FE5}.Release|x86.Build.0 = Release|Any CPU
		{5DA42765-CEDD-49EC-9E89-A55170798DB2}.Debug|Any CPU.ActiveCfg = Debug|x86
		{5DA42765-CEDD-49EC-9E89-A55170798DB2}.Debug|Any CPU.Build.0 = Debug|x86
		{5DA42765-CEDD-49EC-9E89-A55170798DB2}.Debug|x64.ActiveCfg = Debug|Any CPU
		{5DA42765-CEDD-49EC-9E89-A55170798DB2}.Debug|x64.Build.0 = Debug|Any CPU
		{5DA42765-CEDD-49EC-9E89-A55170798DB2}.Debug|x86.ActiveCfg = Debug|x86
		{5DA42765-CEDD-49EC-9E89-A55170798DB2}.Debug|x86.Build.0 = Debug|x86
		{5DA42765-CEDD-49EC-9E89-A55170798DB2}.Release|Any CPU.ActiveCfg = Release|Any CPU
		{5DA42765-CEDD-49EC-9E89-A55170798DB2}.Release|Any CPU.Build.0 = Release|Any CPU
		{5DA42765-CEDD-49EC-9E89-A55170798DB2}.Release|x64.ActiveCfg = Release|Any CPU
		{5DA42765-CEDD-49EC-9E89-A55170798DB2}.Release|x64.Build.0 = Release|Any CPU
		{5DA42765-CEDD-49EC-9E89-A55170798DB2}.Release|x86.ActiveCfg = Release|Any CPU
		{5DA42765-CEDD-49EC-9E89-A55170798DB2}.Release|x86.Build.0 = Release|Any CPU
	EndGlobalSection
	GlobalSection(SolutionProperties) = preSolution
		HideSolutionNode = FALSE
	EndGlobalSection
	GlobalSection(ExtensibilityGlobals) = postSolution
		SolutionGuid = {98F403C2-7904-4D78-8F3F-A1F3E7DEB485}
	EndGlobalSection
EndGlobal
